lock_version: 1
generated_at: '2026-05-16T18:45:44+00:00'
entries:
- import_name: ggplot2_py
  distribution: ggplot2-python
  distribution_version: 4.0.2.9000.post3
  contract_class: mixed
  manifest_sha256: 7022c989529a694283287ceab6eb357d560f3fdc9a5d8a7bd382d566827ec125
- import_name: grid_py
  distribution: rgrid-python
  distribution_version: 4.5.3.post3
  contract_class: grammar
  manifest_sha256: 5bd73190af254d3edeb8ee5318b5b007dc6ecb08a1da25f06e721396b1d10421
- import_name: gtable_py
  distribution: gtable-python
  distribution_version: 0.3.6.9000.post1
  contract_class: grammar
  manifest_sha256: 3a27676baf6c788ab7c1187c3543a9827817a611d6450001cc273003017169bf
- import_name: monocle2py
  distribution: monocle2-python
  distribution_version: 2.9.0
  contract_class: analysis
  manifest_sha256: 298a3b79432d2820e7d48ef152454e69052ac6c9803bef0fdc5bafd8c4c9d6dc
- import_name: monocle3
  distribution: monocle3-python
  distribution_version: 1.4.26
  contract_class: analysis
  manifest_sha256: 5905f9548936ffb2bb6a2a18b4803942f68f5c04b5cb33012bd16cc03141643d
- import_name: scales
  distribution: scales-python
  distribution_version: 1.4.0.9000
  contract_class: grammar
  manifest_sha256: fe65f5cd4365dfb611b7f0d586b50e915b3531801811d777192fba6fa806808b
